// !$*UTF8*$!
{
	archiveVersion = 1;
	classes = {
	};
	objectVersion = 50;
	objects = {

/* Begin PBXBuildFile section */
		F15109AB2281100200172AC9 /* AppDelegate.swift in Sources */ = {isa = PBXBuildFile; fileRef = F15109AA2281100200172AC9 /* AppDelegate.swift */; };
		F15109AD2281100300172AC9 /* Assets.xcassets in Resources */ = {isa = PBXBuildFile; fileRef = F15109AC2281100300172AC9 /* Assets.xcassets */; };
		F15109B02281100300172AC9 /* MainMenu.xib in Resources */ = {isa = PBXBuildFile; fileRef = F15109AE2281100300172AC9 /* MainMenu.xib */; };
		F15109B92281117700172AC9 /* Sheet.xib in Resources */ = {isa = PBXBuildFile; fileRef = F15109B82281117700172AC9 /* Sheet.xib */; };
		F15109BB228111A200172AC9 /* SheetWindowController.swift in Sources */ = {isa = PBXBuildFile; fileRef = F15109BA228111A200172AC9 /* SheetWindowController.swift */; };
/* End PBXBuildFile section */

/* Begin PBXFileReference section */
		F15109A72281100200172AC9 /* NSPopupButton+Binding.app */ = {isa = PBXFileReference; explicitFileType = wrapper.application; includeInIndex = 0; path = "NSPopupButton+Binding.app"; sourceTree = BUILT_PRODUCTS_DIR; };
		F15109AA2281100200172AC9 /* AppDelegate.swift */ = {isa = PBXFileReference; lastKnownFileType = sourcecode.swift; path = AppDelegate.swift; sourceTree = "<group>"; };
		F15109AC2281100300172AC9 /* Assets.xcassets */ = {isa = PBXFileReference; lastKnownFileType = folder.assetcatalog; path = Assets.xcassets; sourceTree = "<group>"; };
		F15109AF2281100300172AC9 /* Base */ = {isa = PBXFileReference; lastKnownFileType = file.xib; name = Base; path = Base.lproj/MainMenu.xib; sourceTree = "<group>"; };
		F15109B12281100300172AC9 /* Info.plist */ = {isa = PBXFileReference; lastKnownFileType = text.plist.xml; path = Info.plist; sourceTree = "<group>"; };
		F15109B22281100300172AC9 /* NSPopupButton_Binding.entitlements */ = {isa = PBXFileReference; lastKnownFileType = text.plist.entitlements; path = NSPopupButton_Binding.entitlements; sourceTree = "<group>"; };
		F15109B82281117700172AC9 /* Sheet.xib */ = {isa = PBXFileReference; lastKnownFileType = file.xib; path = Sheet.xib; sourceTree = "<group>"; };
		F15109BA228111A200172AC9 /* SheetWindowController.swift */ = {isa = PBXFileReference; lastKnownFileType = sourcecode.swift; path = SheetWindowController.swift; sourceTree = "<group>"; };
/* End PBXFileReference section */

/* Begin PBXFrameworksBuildPhase section */
		F15109A42281100200172AC9 /* Frameworks */ = {
			isa = PBXFrameworksBuildPhase;
			buildActionMask = 2147483647;
			files = (
			);
			runOnlyForDeploymentPostprocessing = 0;
		};
/* End PBXFrameworksBuildPhase section */

/* Begin PBXGroup section */
		F151099E2281100200172AC9 = {
			isa = PBXGroup;
			children = (
				F15109A92281100200172AC9 /* NSPopupButton+Binding */,
				F15109A82281100200172AC9 /* Products */,
			);
			sourceTree = "<group>";
		};
		F15109A82281100200172AC9 /* Products */ = {
			isa = PBXGroup;
			children = (
				F15109A72281100200172AC9 /* NSPopupButton+Binding.app */,
			);
			name = Products;
			sourceTree = "<group>";
		};
		F15109A92281100200172AC9 /* NSPopupButton+Binding */ = {
			isa = PBXGroup;
			children = (
				F15109AA2281100200172AC9 /* AppDelegate.swift */,
				F15109AC2281100300172AC9 /* Assets.xcassets */,
				F15109AE2281100300172AC9 /* MainMenu.xib */,
				F15109B12281100300172AC9 /* Info.plist */,
				F15109B22281100300172AC9 /* NSPopupButton_Binding.entitlements */,
				F15109B82281117700172AC9 /* Sheet.xib */,
				F15109BA228111A200172AC9 /* SheetWindowController.swift */,
			);
			path = "NSPopupButton+Binding";
			sourceTree = "<group>";
		};
/* End PBXGroup section */

/* Begin PBXNativeTarget section */
		F15109A62281100200172AC9 /* NSPopupButton+Binding */ = {
			isa = PBXNativeTarget;
			buildConfigurationList = F15109B52281100300172AC9 /* Build configuration list for PBXNativeTarget "NSPopupButton+Binding" */;
			buildPhases = (
				F15109A32281100200172AC9 /* Sources */,
				F15109A42281100200172AC9 /* Frameworks */,
				F15109A52281100200172AC9 /* Resources */,
			);
			buildRules = (
			);
			dependencies = (
			);
			name = "NSPopupButton+Binding";
			productName = "NSPopupButton+Binding";
			productReference = F15109A72281100200172AC9 /* NSPopupButton+Binding.app */;
			productType = "com.apple.product-type.application";
		};
/* End PBXNativeTarget section */

/* Begin PBXProject section */
		F151099F2281100200172AC9 /* Project object */ = {
			isa = PBXProject;
			attributes = {
				LastSwiftUpdateCheck = 1020;
				LastUpgradeCheck = 1020;
				ORGANIZATIONNAME = "gietal-dev";
				TargetAttributes = {
					F15109A62281100200172AC9 = {
						CreatedOnToolsVersion = 10.2;
					};
				};
			};
			buildConfigurationList = F15109A22281100200172AC9 /* Build configuration list for PBXProject "NSPopupButton+Binding" */;
			compatibilityVersion = "Xcode 9.3";
			developmentRegion = en;
			hasScannedForEncodings = 0;
			knownRegions = (
				en,
				Base,
			);
			mainGroup = F151099E2281100200172AC9;
			productRefGroup = F15109A82281100200172AC9 /* Products */;
			projectDirPath = "";
			projectRoot = "";
			targets = (
				F15109A62281100200172AC9 /* NSPopupButton+Binding */,
			);
		};
/* End PBXProject section */

/* Begin PBXResourcesBuildPhase section */
		F15109A52281100200172AC9 /* Resources */ = {
			isa = PBXResourcesBuildPhase;
			buildActionMask = 2147483647;
			files = (
				F15109AD2281100300172AC9 /* Assets.xcassets in Resources */,
				F15109B02281100300172AC9 /* MainMenu.xib in Resources */,
				F15109B92281117700172AC9 /* Sheet.xib in Resources */,
			);
			runOnlyForDeploymentPostprocessing = 0;
		};
/* End PBXResourcesBuildPhase section */

/* Begin PBXSourcesBuildPhase section */
		F15109A32281100200172AC9 /* Sources */ = {
			isa = PBXSourcesBuildPhase;
			buildActionMask = 2147483647;
			files = (
				F15109AB2281100200172AC9 /* AppDelegate.swift in Sources */,
				F15109BB228111A200172AC9 /* SheetWindowController.swift in Sources */,
			);
			runOnlyForDeploymentPostprocessing = 0;
		};
/* End PBXSourcesBuildPhase section */

/* Begin PBXVariantGroup section */
		F15109AE2281100300172AC9 /* MainMenu.xib */ = {
			isa = PBXVariantGroup;
			children = (
				F15109AF2281100300172AC9 /* Base */,
			);
			name = MainMenu.xib;
			sourceTree = "<group>";
		};
/* End PBXVariantGroup section */

/* Begin XCBuildConfiguration section */
		F15109B32281100300172AC9 /* Debug */ = {
			isa = XCBuildConfiguration;
			buildSettings = {
				ALWAYS_SEARCH_USER_PATHS = NO;
				CLANG_ANALYZER_NONNULL = YES;
				CLANG_ANALYZER_NUMBER_OBJECT_CONVERSION = YES_AGGRESSIVE;
				CLANG_CXX_LANGUAGE_STANDARD = "gnu++14";
				CLANG_CXX_LIBRARY = "libc++";
				CLANG_ENABLE_MODULES = YES;
				CLANG_ENABLE_OBJC_ARC = YES;
				CLANG_ENABLE_OBJC_WEAK = YES;
				CLANG_WARN_BLOCK_CAPTURE_AUTORELEASING = YES;
				CLANG_WARN_BOOL_CONVERSION = YES;
				CLANG_WARN_COMMA = YES;
				CLANG_WARN_CONSTANT_CONVERSION = YES;
				CLANG_WARN_DEPRECATED_OBJC_IMPLEMENTATIONS = YES;
				CLANG_WARN_DIRECT_OBJC_ISA_USAGE = YES_ERROR;
				CLANG_WARN_DOCUMENTATION_COMMENTS = YES;
				CLANG_WARN_EMPTY_BODY = YES;
				CLANG_WARN_ENUM_CONVERSION = YES;
				CLANG_WARN_INFINITE_RECURSION = YES;
				CLANG_WARN_INT_CONVERSION = YES;
				CLANG_WARN_NON_LITERAL_NULL_CONVERSION = YES;
				CLANG_WARN_OBJC_IMPLICIT_RETAIN_SELF = YES;
				CLANG_WARN_OBJC_LITERAL_CONVERSION = YES;
				CLANG_WARN_OBJC_ROOT_CLASS = YES_ERROR;
				CLANG_WARN_RANGE_LOOP_ANALYSIS = YES;
				CLANG_WARN_STRICT_PROTOTYPES = YES;
				CLANG_WARN_SUSPICIOUS_MOVE = YES;
				CLANG_WARN_UNGUARDED_AVAILABILITY = YES_AGGRESSIVE;
				CLANG_WARN_UNREACHABLE_CODE = YES;
				CLANG_WARN__DUPLICATE_METHOD_MATCH = YES;
				CODE_SIGN_IDENTITY = "Mac Developer";
				COPY_PHASE_STRIP = NO;
				DEBUG_INFORMATION_FORMAT = dwarf;
				ENABLE_STRICT_OBJC_MSGSEND = YES;
				ENABLE_TESTABILITY = YES;
				GCC_C_LANGUAGE_STANDARD = gnu11;
				GCC_DYNAMIC_NO_PIC = NO;
				GCC_NO_COMMON_BLOCKS = YES;
				GCC_OPTIMIZATION_LEVEL = 0;
				GCC_PREPROCESSOR_DEFINITIONS = (
					"DEBUG=1",
					"$(inherited)",
				);
				GCC_WARN_64_TO_32_BIT_CONVERSION = YES;
				GCC_WARN_ABOUT_RETURN_TYPE = YES_ERROR;
				GCC_WARN_UNDECLARED_SELECTOR = YES;
				GCC_WARN_UNINITIALIZED_AUTOS = YES_AGGRESSIVE;
				GCC_WARN_UNUSED_FUNCTION = YES;
				GCC_WARN_UNUSED_VARIABLE = YES;
				MACOSX_DEPLOYMENT_TARGET = 10.14;
				MTL_ENABLE_DEBUG_INFO = INCLUDE_SOURCE;
				MTL_FAST_MATH = YES;
				ONLY_ACTIVE_ARCH = YES;
				SDKROOT = macosx;
				SWIFT_ACTIVE_COMPILATION_CONDITIONS = DEBUG;
				SWIFT_OPTIMIZATION_LEVEL = "-Onone";
			};
			name = Debug;
		};
		F15109B42281100300172AC9 /* Release */ = {
			isa = XCBuildConfiguration;
			buildSettings = {
				ALWAYS_SEARCH_USER_PATHS = NO;
				CLANG_ANALYZER_NONNULL = YES;
				CLANG_ANALYZER_NUMBER_OBJECT_CONVERSION = YES_AGGRESSIVE;
				CLANG_CXX_LANGUAGE_STANDARD = "gnu++14";
				CLANG_CXX_LIBRARY = "libc++";
				CLANG_ENABLE_MODULES = YES;
				CLANG_ENABLE_OBJC_ARC = YES;
				CLANG_ENABLE_OBJC_WEAK = YES;
				CLANG_WARN_BLOCK_CAPTURE_AUTORELEASING = YES;
				CLANG_WARN_BOOL_CONVERSION = YES;
				CLANG_WARN_COMMA = YES;
				CLANG_WARN_CONSTANT_CONVERSION = YES;
				CLANG_WARN_DEPRECATED_OBJC_IMPLEMENTATIONS = YES;
				CLANG_WARN_DIRECT_OBJC_ISA_USAGE = YES_ERROR;
				CLANG_WARN_DOCUMENTATION_COMMENTS = YES;
				CLANG_WARN_EMPTY_BODY = YES;
				CLANG_WARN_ENUM_CONVERSION = YES;
				CLANG_WARN_INFINITE_RECURSION = YES;
				CLANG_WARN_INT_CONVERSION = YES;
				CLANG_WARN_NON_LITERAL_NULL_CONVERSION = YES;
				CLANG_WARN_OBJC_IMPLICIT_RETAIN_SELF = YES;
				CLANG_WARN_OBJC_LITERAL_CONVERSION = YES;
				CLANG_WARN_OBJC_ROOT_CLASS = YES_ERROR;
				CLANG_WARN_RANGE_LOOP_ANALYSIS = YES;
				CLANG_WARN_STRICT_PROTOTYPES = YES;
				CLANG_WARN_SUSPICIOUS_MOVE = YES;
				CLANG_WARN_UNGUARDED_AVAILABILITY = YES_AGGRESSIVE;
				CLANG_WARN_UNREACHABLE_CODE = YES;
				CLANG_WARN__DUPLICATE_METHOD_MATCH = YES;
				CODE_SIGN_IDENTITY = "Mac Developer";
				COPY_PHASE_STRIP = NO;
				DEBUG_INFORMATION_FORMAT = "dwarf-with-dsym";
				ENABLE_NS_ASSERTIONS = NO;
				ENABLE_STRICT_OBJC_MSGSEND = YES;
				GCC_C_LANGUAGE_STANDARD = gnu11;
				GCC_NO_COMMON_BLOCKS = YES;
				GCC_WARN_64_TO_32_BIT_CONVERSION = YES;
				GCC_WARN_ABOUT_RETURN_TYPE = YES_ERROR;
				GCC_WARN_UNDECLARED_SELECTOR = YES;
				GCC_WARN_UNINITIALIZED_AUTOS = YES_AGGRESSIVE;
				GCC_WARN_UNUSED_FUNCTION = YES;
				GCC_WARN_UNUSED_VARIABLE = YES;
				MACOSX_DEPLOYMENT_TARGET = 10.14;
				MTL_ENABLE_DEBUG_INFO = NO;
				MTL_FAST_MATH = YES;
				SDKROOT = macosx;
				SWIFT_COMPILATION_MODE = wholemodule;
				SWIFT_OPTIMIZATION_LEVEL = "-O";
			};
			name = Release;
		};
		F15109B62281100300172AC9 /* Debug */ = {
			isa = XCBuildConfiguration;
			buildSettings = {
				ASSETCATALOG_COMPILER_APPICON_NAME = AppIcon;
				CODE_SIGN_ENTITLEMENTS = "NSPopupButton+Binding/NSPopupButton_Binding.entitlements";
				CODE_SIGN_IDENTITY = "-";
				CODE_SIGN_STYLE = Automatic;
				COMBINE_HIDPI_IMAGES = YES;
				DEVELOPMENT_TEAM = DTT6RZZAQ3;
				INFOPLIST_FILE = "NSPopupButton+Binding/Info.plist";
				LD_RUNPATH_SEARCH_PATHS = (
					"$(inherited)",
					"@executable_path/../Frameworks",
				);
				PRODUCT_BUNDLE_IDENTIFIER = "com.gietal.sandbox.NSPopupButton-Binding";
				PRODUCT_NAME = "$(TARGET_NAME)";
				PROVISIONING_PROFILE_SPECIFIER = "";
				SWIFT_VERSION = 5.0;
			};
			name = Debug;
		};
		F15109B72281100300172AC9 /* Release */ = {
			isa = XCBuildConfiguration;
			buildSettings = {
				ASSETCATALOG_COMPILER_APPICON_NAME = AppIcon;
				CODE_SIGN_ENTITLEMENTS = "NSPopupButton+Binding/NSPopupButton_Binding.entitlements";
				CODE_SIGN_IDENTITY = "-";
				CODE_SIGN_STYLE = Automatic;
				COMBINE_HIDPI_IMAGES = YES;
				DEVELOPMENT_TEAM = DTT6RZZAQ3;
				INFOPLIST_FILE = "NSPopupButton+Binding/Info.plist";
				LD_RUNPATH_SEARCH_PATHS = (
					"$(inherited)",
					"@executable_path/../Frameworks",
				);
				PRODUCT_BUNDLE_IDENTIFIER = "com.gietal.sandbox.NSPopupButton-Binding";
				PRODUCT_NAME = "$(TARGET_NAME)";
				PROVISIONING_PROFILE_SPECIFIER = "";
				SWIFT_VERSION = 5.0;
			};
			name = Release;
		};
/* End XCBuildConfiguration section */

/* Begin XCConfigurationList section */
		F15109A22281100200172AC9 /* Build configuration list for PBXProject "NSPopupButton+Binding" */ = {
			isa = XCConfigurationList;
			buildConfigurations = (
				F15109B32281100300172AC9 /* Debug */,
				F15109B42281100300172AC9 /* Release */,
			);
			defaultConfigurationIsVisible = 0;
			defaultConfigurationName = Release;
		};
		F15109B52281100300172AC9 /* Build configuration list for PBXNativeTarget "NSPopupButton+Binding" */ = {
			isa = XCConfigurationList;
			buildConfigurations = (
				F15109B62281100300172AC9 /* Debug */,
				F15109B72281100300172AC9 /* Release */,
			);
			defaultConfigurationIsVisible = 0;
			defaultConfigurationName = Release;
		};
/* End XCConfigurationList section */
	};
	rootObject = F151099F2281100200172AC9 /* Project object */;
}
