// !$*UTF8*$!
{
	archiveVersion = 1;
	classes = {
	};
	objectVersion = 50;
	objects = {

/* Begin PBXBuildFile section */
		F19D334F21F7CAF600D50034 /* AppDelegate.swift in Sources */ = {isa = PBXBuildFile; fileRef = F19D334E21F7CAF600D50034 /* AppDelegate.swift */; };
		F19D335121F7CAF700D50034 /* Assets.xcassets in Resources */ = {isa = PBXBuildFile; fileRef = F19D335021F7CAF700D50034 /* Assets.xcassets */; };
		F19D335421F7CAF700D50034 /* MainMenu.xib in Resources */ = {isa = PBXBuildFile; fileRef = F19D335221F7CAF700D50034 /* MainMenu.xib */; };
		F19D335D21F7CB1B00D50034 /* SheetViewController.swift in Sources */ = {isa = PBXBuildFile; fileRef = F19D335C21F7CB1B00D50034 /* SheetViewController.swift */; };
		F19D336121F7CB7700D50034 /* Sheet.xib in Resources */ = {isa = PBXBuildFile; fileRef = F19D336021F7CB7700D50034 /* Sheet.xib */; };
/* End PBXBuildFile section */

/* Begin PBXFileReference section */
		F19D334B21F7CAF600D50034 /* OpaqueSheet.app */ = {isa = PBXFileReference; explicitFileType = wrapper.application; includeInIndex = 0; path = OpaqueSheet.app; sourceTree = BUILT_PRODUCTS_DIR; };
		F19D334E21F7CAF600D50034 /* AppDelegate.swift */ = {isa = PBXFileReference; lastKnownFileType = sourcecode.swift; path = AppDelegate.swift; sourceTree = "<group>"; };
		F19D335021F7CAF700D50034 /* Assets.xcassets */ = {isa = PBXFileReference; lastKnownFileType = folder.assetcatalog; path = Assets.xcassets; sourceTree = "<group>"; };
		F19D335321F7CAF700D50034 /* Base */ = {isa = PBXFileReference; lastKnownFileType = file.xib; name = Base; path = Base.lproj/MainMenu.xib; sourceTree = "<group>"; };
		F19D335521F7CAF700D50034 /* Info.plist */ = {isa = PBXFileReference; lastKnownFileType = text.plist.xml; path = Info.plist; sourceTree = "<group>"; };
		F19D335621F7CAF700D50034 /* OpaqueSheet.entitlements */ = {isa = PBXFileReference; lastKnownFileType = text.plist.entitlements; path = OpaqueSheet.entitlements; sourceTree = "<group>"; };
		F19D335C21F7CB1B00D50034 /* SheetViewController.swift */ = {isa = PBXFileReference; lastKnownFileType = sourcecode.swift; path = SheetViewController.swift; sourceTree = "<group>"; };
		F19D336021F7CB7700D50034 /* Sheet.xib */ = {isa = PBXFileReference; lastKnownFileType = file.xib; path = Sheet.xib; sourceTree = "<group>"; };
/* End PBXFileReference section */

/* Begin PBXFrameworksBuildPhase section */
		F19D334821F7CAF600D50034 /* Frameworks */ = {
			isa = PBXFrameworksBuildPhase;
			buildActionMask = 2147483647;
			files = (
			);
			runOnlyForDeploymentPostprocessing = 0;
		};
/* End PBXFrameworksBuildPhase section */

/* Begin PBXGroup section */
		F19D334221F7CAF600D50034 = {
			isa = PBXGroup;
			children = (
				F19D334D21F7CAF600D50034 /* OpaqueSheet */,
				F19D334C21F7CAF600D50034 /* Products */,
			);
			sourceTree = "<group>";
		};
		F19D334C21F7CAF600D50034 /* Products */ = {
			isa = PBXGroup;
			children = (
				F19D334B21F7CAF600D50034 /* OpaqueSheet.app */,
			);
			name = Products;
			sourceTree = "<group>";
		};
		F19D334D21F7CAF600D50034 /* OpaqueSheet */ = {
			isa = PBXGroup;
			children = (
				F19D334E21F7CAF600D50034 /* AppDelegate.swift */,
				F19D335021F7CAF700D50034 /* Assets.xcassets */,
				F19D335221F7CAF700D50034 /* MainMenu.xib */,
				F19D335521F7CAF700D50034 /* Info.plist */,
				F19D335621F7CAF700D50034 /* OpaqueSheet.entitlements */,
				F19D335C21F7CB1B00D50034 /* SheetViewController.swift */,
				F19D336021F7CB7700D50034 /* Sheet.xib */,
			);
			path = OpaqueSheet;
			sourceTree = "<group>";
		};
/* End PBXGroup section */

/* Begin PBXNativeTarget section */
		F19D334A21F7CAF600D50034 /* OpaqueSheet */ = {
			isa = PBXNativeTarget;
			buildConfigurationList = F19D335921F7CAF700D50034 /* Build configuration list for PBXNativeTarget "OpaqueSheet" */;
			buildPhases = (
				F19D334721F7CAF600D50034 /* Sources */,
				F19D334821F7CAF600D50034 /* Frameworks */,
				F19D334921F7CAF600D50034 /* Resources */,
			);
			buildRules = (
			);
			dependencies = (
			);
			name = OpaqueSheet;
			productName = OpaqueSheet;
			productReference = F19D334B21F7CAF600D50034 /* OpaqueSheet.app */;
			productType = "com.apple.product-type.application";
		};
/* End PBXNativeTarget section */

/* Begin PBXProject section */
		F19D334321F7CAF600D50034 /* Project object */ = {
			isa = PBXProject;
			attributes = {
				LastSwiftUpdateCheck = 1010;
				LastUpgradeCheck = 1010;
				ORGANIZATIONNAME = "gietal-dev";
				TargetAttributes = {
					F19D334A21F7CAF600D50034 = {
						CreatedOnToolsVersion = 10.1;
					};
				};
			};
			buildConfigurationList = F19D334621F7CAF600D50034 /* Build configuration list for PBXProject "OpaqueSheet" */;
			compatibilityVersion = "Xcode 9.3";
			developmentRegion = en;
			hasScannedForEncodings = 0;
			knownRegions = (
				en,
				Base,
			);
			mainGroup = F19D334221F7CAF600D50034;
			productRefGroup = F19D334C21F7CAF600D50034 /* Products */;
			projectDirPath = "";
			projectRoot = "";
			targets = (
				F19D334A21F7CAF600D50034 /* OpaqueSheet */,
			);
		};
/* End PBXProject section */

/* Begin PBXResourcesBuildPhase section */
		F19D334921F7CAF600D50034 /* Resources */ = {
			isa = PBXResourcesBuildPhase;
			buildActionMask = 2147483647;
			files = (
				F19D335121F7CAF700D50034 /* Assets.xcassets in Resources */,
				F19D335421F7CAF700D50034 /* MainMenu.xib in Resources */,
				F19D336121F7CB7700D50034 /* Sheet.xib in Resources */,
			);
			runOnlyForDeploymentPostprocessing = 0;
		};
/* End PBXResourcesBuildPhase section */

/* Begin PBXSourcesBuildPhase section */
		F19D334721F7CAF600D50034 /* Sources */ = {
			isa = PBXSourcesBuildPhase;
			buildActionMask = 2147483647;
			files = (
				F19D334F21F7CAF600D50034 /* AppDelegate.swift in Sources */,
				F19D335D21F7CB1B00D50034 /* SheetViewController.swift in Sources */,
			);
			runOnlyForDeploymentPostprocessing = 0;
		};
/* End PBXSourcesBuildPhase section */

/* Begin PBXVariantGroup section */
		F19D335221F7CAF700D50034 /* MainMenu.xib */ = {
			isa = PBXVariantGroup;
			children = (
				F19D335321F7CAF700D50034 /* Base */,
			);
			name = MainMenu.xib;
			sourceTree = "<group>";
		};
/* End PBXVariantGroup section */

/* Begin XCBuildConfiguration section */
		F19D335721F7CAF700D50034 /* Debug */ = {
			isa = XCBuildConfiguration;
			buildSettings = {
				ALWAYS_SEARCH_USER_PATHS = NO;
				CLANG_ANALYZER_NONNULL = YES;
				CLANG_ANALYZER_NUMBER_OBJECT_CONVERSION = YES_AGGRESSIVE;
				CLANG_CXX_LANGUAGE_STANDARD = "gnu++14";
				CLANG_CXX_LIBRARY = "libc++";
				CLANG_ENABLE_MODULES = YES;
				CLANG_ENABLE_OBJC_ARC = YES;
				CLANG_ENABLE_OBJC_WEAK = YES;
				CLANG_WARN_BLOCK_CAPTURE_AUTORELEASING = YES;
				CLANG_WARN_BOOL_CONVERSION = YES;
				CLANG_WARN_COMMA = YES;
				CLANG_WARN_CONSTANT_CONVERSION = YES;
				CLANG_WARN_DEPRECATED_OBJC_IMPLEMENTATIONS = YES;
				CLANG_WARN_DIRECT_OBJC_ISA_USAGE = YES_ERROR;
				CLANG_WARN_DOCUMENTATION_COMMENTS = YES;
				CLANG_WARN_EMPTY_BODY = YES;
				CLANG_WARN_ENUM_CONVERSION = YES;
				CLANG_WARN_INFINITE_RECURSION = YES;
				CLANG_WARN_INT_CONVERSION = YES;
				CLANG_WARN_NON_LITERAL_NULL_CONVERSION = YES;
				CLANG_WARN_OBJC_IMPLICIT_RETAIN_SELF = YES;
				CLANG_WARN_OBJC_LITERAL_CONVERSION = YES;
				CLANG_WARN_OBJC_ROOT_CLASS = YES_ERROR;
				CLANG_WARN_RANGE_LOOP_ANALYSIS = YES;
				CLANG_WARN_STRICT_PROTOTYPES = YES;
				CLANG_WARN_SUSPICIOUS_MOVE = YES;
				CLANG_WARN_UNGUARDED_AVAILABILITY = YES_AGGRESSIVE;
				CLANG_WARN_UNREACHABLE_CODE = YES;
				CLANG_WARN__DUPLICATE_METHOD_MATCH = YES;
				CODE_SIGN_IDENTITY = "Mac Developer";
				COPY_PHASE_STRIP = NO;
				DEBUG_INFORMATION_FORMAT = dwarf;
				ENABLE_STRICT_OBJC_MSGSEND = YES;
				ENABLE_TESTABILITY = YES;
				GCC_C_LANGUAGE_STANDARD = gnu11;
				GCC_DYNAMIC_NO_PIC = NO;
				GCC_NO_COMMON_BLOCKS = YES;
				GCC_OPTIMIZATION_LEVEL = 0;
				GCC_PREPROCESSOR_DEFINITIONS = (
					"DEBUG=1",
					"$(inherited)",
				);
				GCC_WARN_64_TO_32_BIT_CONVERSION = YES;
				GCC_WARN_ABOUT_RETURN_TYPE = YES_ERROR;
				GCC_WARN_UNDECLARED_SELECTOR = YES;
				GCC_WARN_UNINITIALIZED_AUTOS = YES_AGGRESSIVE;
				GCC_WARN_UNUSED_FUNCTION = YES;
				GCC_WARN_UNUSED_VARIABLE = YES;
				MACOSX_DEPLOYMENT_TARGET = 10.13;
				MTL_ENABLE_DEBUG_INFO = INCLUDE_SOURCE;
				MTL_FAST_MATH = YES;
				ONLY_ACTIVE_ARCH = YES;
				SDKROOT = macosx;
				SWIFT_ACTIVE_COMPILATION_CONDITIONS = DEBUG;
				SWIFT_OPTIMIZATION_LEVEL = "-Onone";
			};
			name = Debug;
		};
		F19D335821F7CAF700D50034 /* Release */ = {
			isa = XCBuildConfiguration;
			buildSettings = {
				ALWAYS_SEARCH_USER_PATHS = NO;
				CLANG_ANALYZER_NONNULL = YES;
				CLANG_ANALYZER_NUMBER_OBJECT_CONVERSION = YES_AGGRESSIVE;
				CLANG_CXX_LANGUAGE_STANDARD = "gnu++14";
				CLANG_CXX_LIBRARY = "libc++";
				CLANG_ENABLE_MODULES = YES;
				CLANG_ENABLE_OBJC_ARC = YES;
				CLANG_ENABLE_OBJC_WEAK = YES;
				CLANG_WARN_BLOCK_CAPTURE_AUTORELEASING = YES;
				CLANG_WARN_BOOL_CONVERSION = YES;
				CLANG_WARN_COMMA = YES;
				CLANG_WARN_CONSTANT_CONVERSION = YES;
				CLANG_WARN_DEPRECATED_OBJC_IMPLEMENTATIONS = YES;
				CLANG_WARN_DIRECT_OBJC_ISA_USAGE = YES_ERROR;
				CLANG_WARN_DOCUMENTATION_COMMENTS = YES;
				CLANG_WARN_EMPTY_BODY = YES;
				CLANG_WARN_ENUM_CONVERSION = YES;
				CLANG_WARN_INFINITE_RECURSION = YES;
				CLANG_WARN_INT_CONVERSION = YES;
				CLANG_WARN_NON_LITERAL_NULL_CONVERSION = YES;
				CLANG_WARN_OBJC_IMPLICIT_RETAIN_SELF = YES;
				CLANG_WARN_OBJC_LITERAL_CONVERSION = YES;
				CLANG_WARN_OBJC_ROOT_CLASS = YES_ERROR;
				CLANG_WARN_RANGE_LOOP_ANALYSIS = YES;
				CLANG_WARN_STRICT_PROTOTYPES = YES;
				CLANG_WARN_SUSPICIOUS_MOVE = YES;
				CLANG_WARN_UNGUARDED_AVAILABILITY = YES_AGGRESSIVE;
				CLANG_WARN_UNREACHABLE_CODE = YES;
				CLANG_WARN__DUPLICATE_METHOD_MATCH = YES;
				CODE_SIGN_IDENTITY = "Mac Developer";
				COPY_PHASE_STRIP = NO;
				DEBUG_INFORMATION_FORMAT = "dwarf-with-dsym";
				ENABLE_NS_ASSERTIONS = NO;
				ENABLE_STRICT_OBJC_MSGSEND = YES;
				GCC_C_LANGUAGE_STANDARD = gnu11;
				GCC_NO_COMMON_BLOCKS = YES;
				GCC_WARN_64_TO_32_BIT_CONVERSION = YES;
				GCC_WARN_ABOUT_RETURN_TYPE = YES_ERROR;
				GCC_WARN_UNDECLARED_SELECTOR = YES;
				GCC_WARN_UNINITIALIZED_AUTOS = YES_AGGRESSIVE;
				GCC_WARN_UNUSED_FUNCTION = YES;
				GCC_WARN_UNUSED_VARIABLE = YES;
				MACOSX_DEPLOYMENT_TARGET = 10.13;
				MTL_ENABLE_DEBUG_INFO = NO;
				MTL_FAST_MATH = YES;
				SDKROOT = macosx;
				SWIFT_COMPILATION_MODE = wholemodule;
				SWIFT_OPTIMIZATION_LEVEL = "-O";
			};
			name = Release;
		};
		F19D335A21F7CAF700D50034 /* Debug */ = {
			isa = XCBuildConfiguration;
			buildSettings = {
				ASSETCATALOG_COMPILER_APPICON_NAME = AppIcon;
				CODE_SIGN_ENTITLEMENTS = OpaqueSheet/OpaqueSheet.entitlements;
				CODE_SIGN_STYLE = Automatic;
				COMBINE_HIDPI_IMAGES = YES;
				DEVELOPMENT_TEAM = DTT6RZZAQ3;
				INFOPLIST_FILE = OpaqueSheet/Info.plist;
				LD_RUNPATH_SEARCH_PATHS = (
					"$(inherited)",
					"@executable_path/../Frameworks",
				);
				PRODUCT_BUNDLE_IDENTIFIER = com.gietal.sandbox.OpaqueSheet;
				PRODUCT_NAME = "$(TARGET_NAME)";
				SWIFT_VERSION = 4.2;
			};
			name = Debug;
		};
		F19D335B21F7CAF700D50034 /* Release */ = {
			isa = XCBuildConfiguration;
			buildSettings = {
				ASSETCATALOG_COMPILER_APPICON_NAME = AppIcon;
				CODE_SIGN_ENTITLEMENTS = OpaqueSheet/OpaqueSheet.entitlements;
				CODE_SIGN_STYLE = Automatic;
				COMBINE_HIDPI_IMAGES = YES;
				DEVELOPMENT_TEAM = DTT6RZZAQ3;
				INFOPLIST_FILE = OpaqueSheet/Info.plist;
				LD_RUNPATH_SEARCH_PATHS = (
					"$(inherited)",
					"@executable_path/../Frameworks",
				);
				PRODUCT_BUNDLE_IDENTIFIER = com.gietal.sandbox.OpaqueSheet;
				PRODUCT_NAME = "$(TARGET_NAME)";
				SWIFT_VERSION = 4.2;
			};
			name = Release;
		};
/* End XCBuildConfiguration section */

/* Begin XCConfigurationList section */
		F19D334621F7CAF600D50034 /* Build configuration list for PBXProject "OpaqueSheet" */ = {
			isa = XCConfigurationList;
			buildConfigurations = (
				F19D335721F7CAF700D50034 /* Debug */,
				F19D335821F7CAF700D50034 /* Release */,
			);
			defaultConfigurationIsVisible = 0;
			defaultConfigurationName = Release;
		};
		F19D335921F7CAF700D50034 /* Build configuration list for PBXNativeTarget "OpaqueSheet" */ = {
			isa = XCConfigurationList;
			buildConfigurations = (
				F19D335A21F7CAF700D50034 /* Debug */,
				F19D335B21F7CAF700D50034 /* Release */,
			);
			defaultConfigurationIsVisible = 0;
			defaultConfigurationName = Release;
		};
/* End XCConfigurationList section */
	};
	rootObject = F19D334321F7CAF600D50034 /* Project object */;
}
